
Microsoft Visual Studio Solution File, Format Version 12.00
# Visual Studio Version 17
VisualStudioVersion = 17.7.34202.233
MinimumVisualStudioVersion = 10.0.40219.1
Project("{FAE04EC0-301F-11D3-BF4B-00C04F79EFBC}") = "praks", "praks\praks.csproj", "{CCAD28E2-47CF-47E2-AA06-4817F1800715}"
EndProject
Global
	GlobalSection(SolutionConfigurationPlatforms) = preSolution
		Debug|Any CPU = Debug|Any CPU
		Release|Any CPU = Release|Any CPU
	EndGlobalSection
	GlobalSection(ProjectConfigurationPlatforms) = postSolution
		{CCAD28E2-47CF-47E2-AA06-4817F1800715}.Debug|Any CPU.ActiveCfg = Debug|Any CPU
		{CCAD28E2-47CF-47E2-AA06-4817F1800715}.Debug|Any CPU.Build.0 = Debug|Any CPU
		{CCAD28E2-47CF-47E2-AA06-4817F1800715}.Release|Any CPU.ActiveCfg = Release|Any CPU
		{CCAD28E2-47CF-47E2-AA06-4817F1800715}.Release|Any CPU.Build.0 = Release|Any CPU
	EndGlobalSection
	GlobalSection(SolutionProperties) = preSolution
		HideSolutionNode = FALSE
	EndGlobalSection
	GlobalSection(ExtensibilityGlobals) = postSolution
		SolutionGuid = {DB1057D6-C6B5-405A-AD09-C3622B73E56D}
	EndGlobalSection
EndGlobal
